
Microsoft Visual Studio Solution File, Format Version 12.00
# Visual Studio Version 17
VisualStudioVersion = 17.5.33516.290
MinimumVisualStudioVersion = 10.0.40219.1
Project("{FAE04EC0-301F-11D3-BF4B-00C04F79EFBC}") = "BS.Domain", "src\BS.Domain\BS.Domain.csproj", "{FA4FAC63-C0DC-487F-81B4-626CCACB7349}"
EndProject
Project("{2150E333-8FDC-42A3-9474-1A3956D46DE8}") = "src", "src", "{DD282A09-99AF-4BBE-BDEB-0C2D3245056D}"
EndProject
Project("{2150E333-8FDC-42A3-9474-1A3956D46DE8}") = "test", "test", "{EF47CF40-E116-4CB8-9C90-7675F8B7D005}"
EndProject
Project("{FAE04EC0-301F-11D3-BF4B-00C04F79EFBC}") = "BS.Domain.Tests", "tests\BS.Domain.Tests\BS.Domain.Tests.csproj", "{2ABC5705-EF8C-47F9-BC37-835B06D4BE9A}"
EndProject
Project("{FAE04EC0-301F-11D3-BF4B-00C04F79EFBC}") = "BS.Infrastructure", "src\BS.Infrastructure\BS.Infrastructure.csproj", "{804CD77C-CC0A-45C4-A90D-4F3FD1ACF3F3}"
EndProject
Project("{FAE04EC0-301F-11D3-BF4B-00C04F79EFBC}") = "BS.Models", "src\BS.Models\BS.Models.csproj", "{031DC028-ED6E-4F44-A73E-9C7066BE7D05}"
EndProject
Project("{FAE04EC0-301F-11D3-BF4B-00C04F79EFBC}") = "BS.Shared.Tests", "tests\BS.Shared.Tests\BS.Shared.Tests.csproj", "{85CB7187-4C94-4B7D-8F8C-018C10C090FF}"
EndProject
Project("{FAE04EC0-301F-11D3-BF4B-00C04F79EFBC}") = "BS.Infrastructure.Tests", "tests\BS.Infrastructure.Tests\BS.Infrastructure.Tests.csproj", "{6A6C85AC-D8D8-4F44-8F0B-7166EE9D2916}"
EndProject
Global
	GlobalSection(SolutionConfigurationPlatforms) = preSolution
		Debug|Any CPU = Debug|Any CPU
		Release|Any CPU = Release|Any CPU
	EndGlobalSection
	GlobalSection(ProjectConfigurationPlatforms) = postSolution
		{FA4FAC63-C0DC-487F-81B4-626CCACB7349}.Debug|Any CPU.ActiveCfg = Debug|Any CPU
		{FA4FAC63-C0DC-487F-81B4-626CCACB7349}.Debug|Any CPU.Build.0 = Debug|Any CPU
		{FA4FAC63-C0DC-487F-81B4-626CCACB7349}.Release|Any CPU.ActiveCfg = Release|Any CPU
		{FA4FAC63-C0DC-487F-81B4-626CCACB7349}.Release|Any CPU.Build.0 = Release|Any CPU
		{2ABC5705-EF8C-47F9-BC37-835B06D4BE9A}.Debug|Any CPU.ActiveCfg = Debug|Any CPU
		{2ABC5705-EF8C-47F9-BC37-835B06D4BE9A}.Debug|Any CPU.Build.0 = Debug|Any CPU
		{2ABC5705-EF8C-47F9-BC37-835B06D4BE9A}.Release|Any CPU.ActiveCfg = Release|Any CPU
		{2ABC5705-EF8C-47F9-BC37-835B06D4BE9A}.Release|Any CPU.Build.0 = Release|Any CPU
		{804CD77C-CC0A-45C4-A90D-4F3FD1ACF3F3}.Debug|Any CPU.ActiveCfg = Debug|Any CPU
		{804CD77C-CC0A-45C4-A90D-4F3FD1ACF3F3}.Debug|Any CPU.Build.0 = Debug|Any CPU
		{804CD77C-CC0A-45C4-A90D-4F3FD1ACF3F3}.Release|Any CPU.ActiveCfg = Release|Any CPU
		{804CD77C-CC0A-45C4-A90D-4F3FD1ACF3F3}.Release|Any CPU.Build.0 = Release|Any CPU
		{031DC028-ED6E-4F44-A73E-9C7066BE7D05}.Debug|Any CPU.ActiveCfg = Debug|Any CPU
		{031DC028-ED6E-4F44-A73E-9C7066BE7D05}.Debug|Any CPU.Build.0 = Debug|Any CPU
		{031DC028-ED6E-4F44-A73E-9C7066BE7D05}.Release|Any CPU.ActiveCfg = Release|Any CPU
		{031DC028-ED6E-4F44-A73E-9C7066BE7D05}.Release|Any CPU.Build.0 = Release|Any CPU
		{85CB7187-4C94-4B7D-8F8C-018C10C090FF}.Debug|Any CPU.ActiveCfg = Debug|Any CPU
		{85CB7187-4C94-4B7D-8F8C-018C10C090FF}.Debug|Any CPU.Build.0 = Debug|Any CPU
		{85CB7187-4C94-4B7D-8F8C-018C10C090FF}.Release|Any CPU.ActiveCfg = Release|Any CPU
		{85CB7187-4C94-4B7D-8F8C-018C10C090FF}.Release|Any CPU.Build.0 = Release|Any CPU
		{6A6C85AC-D8D8-4F44-8F0B-7166EE9D2916}.Debug|Any CPU.ActiveCfg = Debug|Any CPU
		{6A6C85AC-D8D8-4F44-8F0B-7166EE9D2916}.Debug|Any CPU.Build.0 = Debug|Any CPU
		{6A6C85AC-D8D8-4F44-8F0B-7166EE9D2916}.Release|Any CPU.ActiveCfg = Release|Any CPU
		{6A6C85AC-D8D8-4F44-8F0B-7166EE9D2916}.Release|Any CPU.Build.0 = Release|Any CPU
	EndGlobalSection
	GlobalSection(SolutionProperties) = preSolution
		HideSolutionNode = FALSE
	EndGlobalSection
	GlobalSection(NestedProjects) = preSolution
		{FA4FAC63-C0DC-487F-81B4-626CCACB7349} = {DD282A09-99AF-4BBE-BDEB-0C2D3245056D}
		{2ABC5705-EF8C-47F9-BC37-835B06D4BE9A} = {EF47CF40-E116-4CB8-9C90-7675F8B7D005}
		{804CD77C-CC0A-45C4-A90D-4F3FD1ACF3F3} = {DD282A09-99AF-4BBE-BDEB-0C2D3245056D}
		{031DC028-ED6E-4F44-A73E-9C7066BE7D05} = {DD282A09-99AF-4BBE-BDEB-0C2D3245056D}
		{85CB7187-4C94-4B7D-8F8C-018C10C090FF} = {EF47CF40-E116-4CB8-9C90-7675F8B7D005}
		{6A6C85AC-D8D8-4F44-8F0B-7166EE9D2916} = {EF47CF40-E116-4CB8-9C90-7675F8B7D005}
	EndGlobalSection
	GlobalSection(ExtensibilityGlobals) = postSolution
		SolutionGuid = {18B3B629-AF03-43DD-926D-2999E863889E}
	EndGlobalSection
EndGlobal
